
Microsoft Visual Studio Solution File, Format Version 12.00
# Visual Studio Version 17
VisualStudioVersion = 17.5.002.0
MinimumVisualStudioVersion = 10.0.40219.1
Project("{9A19103F-16F7-4668-BE54-9A1E7A4F7556}") = "avlgraph", "avlgraph.csproj", "{8173B6A2-2708-4D5F-B85D-15B0D626E815}"
EndProject
Project("{9A19103F-16F7-4668-BE54-9A1E7A4F7556}") = "GraphProject", "GraphProject\GraphProject.csproj", "{36B32B89-696C-43F6-BD50-F0D7944B6179}"
EndProject
Global
	GlobalSection(SolutionConfigurationPlatforms) = preSolution
		Debug|Any CPU = Debug|Any CPU
		Release|Any CPU = Release|Any CPU
	EndGlobalSection
	GlobalSection(ProjectConfigurationPlatforms) = postSolution
		{8173B6A2-2708-4D5F-B85D-15B0D626E815}.Debug|Any CPU.ActiveCfg = Debug|Any CPU
		{8173B6A2-2708-4D5F-B85D-15B0D626E815}.Debug|Any CPU.Build.0 = Debug|Any CPU
		{8173B6A2-2708-4D5F-B85D-15B0D626E815}.Release|Any CPU.ActiveCfg = Release|Any CPU
		{8173B6A2-2708-4D5F-B85D-15B0D626E815}.Release|Any CPU.Build.0 = Release|Any CPU
		{36B32B89-696C-43F6-BD50-F0D7944B6179}.Debug|Any CPU.ActiveCfg = Debug|Any CPU
		{36B32B89-696C-43F6-BD50-F0D7944B6179}.Debug|Any CPU.Build.0 = Debug|Any CPU
		{36B32B89-696C-43F6-BD50-F0D7944B6179}.Release|Any CPU.ActiveCfg = Release|Any CPU
		{36B32B89-696C-43F6-BD50-F0D7944B6179}.Release|Any CPU.Build.0 = Release|Any CPU
	EndGlobalSection
	GlobalSection(SolutionProperties) = preSolution
		HideSolutionNode = FALSE
	EndGlobalSection
	GlobalSection(ExtensibilityGlobals) = postSolution
		SolutionGuid = {AE77E2D3-4A8C-45D3-BE60-729E33187765}
	EndGlobalSection
EndGlobal
